{
  "version": 4,
  "terraform_version": "1.9.8",
  "serial": 2,
  "lineage": "c63f16e2-4336-bae8-a34f-328df778947c",
  "outputs": {
    "vpcid": {
      "value": "vpc-0cb3b672778b05d1d",
      "type": "string"
    }
  },
  "resources": [
    {
      "mode": "managed",
      "type": "aws_vpc",
      "name": "terraform-vpc",
      "provider": "provider[\"registry.terraform.io/hashicorp/aws\"]",
      "instances": [
        {
          "schema_version": 1,
          "attributes": {
            "arn": "arn:aws:ec2:eu-west-2:503561456185:vpc/vpc-0cb3b672778b05d1d",
            "assign_generated_ipv6_cidr_block": false,
            "cidr_block": "10.0.0.0/16",
            "default_network_acl_id": "acl-07841ca1a5c7d0b80",
            "default_route_table_id": "rtb-0ff71087540f87862",
            "default_security_group_id": "sg-01dacd27c3a87d8df",
            "dhcp_options_id": "dopt-0ee6bc7fe989be6d9",
            "enable_dns_hostnames": false,
            "enable_dns_support": true,
            "enable_network_address_usage_metrics": false,
            "id": "vpc-0cb3b672778b05d1d",
            "instance_tenancy": "default",
            "ipv4_ipam_pool_id": null,
            "ipv4_netmask_length": null,
            "ipv6_association_id": "",
            "ipv6_cidr_block": "",
            "ipv6_cidr_block_network_border_group": "",
            "ipv6_ipam_pool_id": "",
            "ipv6_netmask_length": 0,
            "main_route_table_id": "rtb-0ff71087540f87862",
            "owner_id": "503561456185",
            "tags": {
              "Name": "inputtest"
            },
            "tags_all": {
              "Name": "inputtest"
            }
          },
          "sensitive_attributes": [],
          "private": "eyJzY2hlbWFfdmVyc2lvbiI6IjEifQ=="
        }
      ]
    }
  ],
  "check_results": null
}
