{
  "version": 4,
  "terraform_version": "1.9.8",
  "serial": 4,
  "lineage": "c4d590a1-45c3-62f1-2bb5-82639c4f18cb",
  "outputs": {},
  "resources": [
    {
      "mode": "managed",
      "type": "aws_iam_policy",
      "name": "customPolicy",
      "provider": "provider[\"registry.terraform.io/hashicorp/aws\"]",
      "instances": [
        {
          "schema_version": 0,
          "attributes": {
            "arn": "arn:aws:iam::503561456185:policy/Glacier_ec2_EFS",
            "attachment_count": 0,
            "description": "",
            "id": "arn:aws:iam::503561456185:policy/Glacier_ec2_EFS",
            "name": "Glacier_ec2_EFS",
            "name_prefix": "",
            "path": "/",
            "policy": "{\"Statement\":[{\"Action\":[\"ec2:DescribeInstances\",\"ec2:DescribeSecurityGroups\",\"ec2:DescribeVolumes\",\"ec2:CreateVolume\",\"ec2:CreateSnapshot\",\"ec2:DeleteVolume\",\"ec2:DeleteSnapshot\"],\"Effect\":\"Allow\",\"Resource\":\"*\",\"Sid\":\"VisualEditor0\"}],\"Version\":\"2012-10-17\"}",
            "policy_id": "ANPAXKPU2BI4TQYVP2IMP",
            "tags": null,
            "tags_all": {}
          },
          "sensitive_attributes": [],
          "private": "bnVsbA=="
        }
      ]
    },
    {
      "mode": "managed",
      "type": "aws_iam_policy_attachment",
      "name": "policyBind",
      "provider": "provider[\"registry.terraform.io/hashicorp/aws\"]",
      "instances": [
        {
          "schema_version": 0,
          "attributes": {
            "groups": null,
            "id": "attachment",
            "name": "attachment",
            "policy_arn": "arn:aws:iam::503561456185:policy/Glacier_ec2_EFS",
            "roles": null,
            "users": [
              "Bob"
            ]
          },
          "sensitive_attributes": [],
          "private": "bnVsbA==",
          "dependencies": [
            "aws_iam_policy.customPolicy",
            "aws_iam_user.myUser"
          ]
        }
      ]
    },
    {
      "mode": "managed",
      "type": "aws_iam_user",
      "name": "myUser",
      "provider": "provider[\"registry.terraform.io/hashicorp/aws\"]",
      "instances": [
        {
          "schema_version": 0,
          "attributes": {
            "arn": "arn:aws:iam::503561456185:user/Bob",
            "force_destroy": false,
            "id": "Bob",
            "name": "Bob",
            "path": "/",
            "permissions_boundary": "",
            "tags": null,
            "tags_all": {},
            "unique_id": "AIDAXKPU2BI4UZVH5STJQ"
          },
          "sensitive_attributes": [],
          "private": "bnVsbA=="
        }
      ]
    }
  ],
  "check_results": null
}
